{
  "object": {
    "pins": [
      {
        "package": "AdventKit",
        "repositoryURL": "https://github.com/christianeiselt/AdventKit",
        "state": {
          "branch": null,
          "revision": "f4b6199ee24cdd351378124f6112a557ac5c4cc6",
          "version": "0.0.1"
        }
      }
    ]
  },
  "version": 1
}
