
Microsoft Visual Studio Solution File, Format Version 12.00
Project("{FAE04EC0-301F-11D3-BF4B-00C04F79EFBC}") = "AdventOfCode2023", "AdventOfCode2023\AdventOfCode2023.csproj", "{6F5DFE24-48BB-47FA-BC73-B0B9953A52DB}"
EndProject
Project("{FAE04EC0-301F-11D3-BF4B-00C04F79EFBC}") = "AdventOfCode2023.Tests", "AdventOfCode2023.Tests\AdventOfCode2023.Tests.csproj", "{54812FFC-BA9F-421B-87F0-522E754EF837}"
EndProject
Project("{2150E333-8FDC-42A3-9474-1A3956D46DE8}") = "src", "src", "{444E32C0-10D4-4058-BC41-DC603F62FDF3}"
EndProject
Project("{2150E333-8FDC-42A3-9474-1A3956D46DE8}") = "test", "test", "{4D7255E6-A0C8-4217-A76C-C18C51548E23}"
EndProject
Project("{2150E333-8FDC-42A3-9474-1A3956D46DE8}") = "SolutionItems", "SolutionItems", "{997523CB-AEA7-4C9C-8827-DAAAD42E7699}"
EndProject
Global
	GlobalSection(SolutionConfigurationPlatforms) = preSolution
		Debug|Any CPU = Debug|Any CPU
		Release|Any CPU = Release|Any CPU
	EndGlobalSection
	GlobalSection(ProjectConfigurationPlatforms) = postSolution
		{6F5DFE24-48BB-47FA-BC73-B0B9953A52DB}.Debug|Any CPU.ActiveCfg = Debug|Any CPU
		{6F5DFE24-48BB-47FA-BC73-B0B9953A52DB}.Debug|Any CPU.Build.0 = Debug|Any CPU
		{6F5DFE24-48BB-47FA-BC73-B0B9953A52DB}.Release|Any CPU.ActiveCfg = Release|Any CPU
		{6F5DFE24-48BB-47FA-BC73-B0B9953A52DB}.Release|Any CPU.Build.0 = Release|Any CPU
		{54812FFC-BA9F-421B-87F0-522E754EF837}.Debug|Any CPU.ActiveCfg = Debug|Any CPU
		{54812FFC-BA9F-421B-87F0-522E754EF837}.Debug|Any CPU.Build.0 = Debug|Any CPU
		{54812FFC-BA9F-421B-87F0-522E754EF837}.Release|Any CPU.ActiveCfg = Release|Any CPU
		{54812FFC-BA9F-421B-87F0-522E754EF837}.Release|Any CPU.Build.0 = Release|Any CPU
	EndGlobalSection
	GlobalSection(NestedProjects) = preSolution
		{6F5DFE24-48BB-47FA-BC73-B0B9953A52DB} = {444E32C0-10D4-4058-BC41-DC603F62FDF3}
		{54812FFC-BA9F-421B-87F0-522E754EF837} = {4D7255E6-A0C8-4217-A76C-C18C51548E23}
	EndGlobalSection
EndGlobal
