
Microsoft Visual Studio Solution File, Format Version 12.00
Project("{2150E333-8FDC-42A3-9474-1A3956D46DE8}") = "src", "src", "{452704B2-1F31-4060-9D8B-A1AECC258298}"
EndProject
Project("{2150E333-8FDC-42A3-9474-1A3956D46DE8}") = "tests", "tests", "{B265815E-8DDC-4563-92D1-CAB76CFF7933}"
EndProject
Project("{FAE04EC0-301F-11D3-BF4B-00C04F79EFBC}") = "AoC2023", "src\AoC2023\AoC2023.csproj", "{4EAE6B44-3BD3-49D4-A3B2-5AEFE2F18187}"
EndProject
Project("{FAE04EC0-301F-11D3-BF4B-00C04F79EFBC}") = "AoC2023.Tests", "tests\AoC2023.Tests\AoC2023.Tests.csproj", "{0EBAA97F-92CD-48FB-AC63-14BB543E863D}"
EndProject
Project("{FAE04EC0-301F-11D3-BF4B-00C04F79EFBC}") = "AoCShared", "src\AoCShared\AoCShared.csproj", "{7D8C890A-D908-46A5-987A-CCF609A9FA8E}"
EndProject
Project("{FAE04EC0-301F-11D3-BF4B-00C04F79EFBC}") = "AoCShared.Tests", "tests\AoCShared.Tests\AoCShared.Tests.csproj", "{47B32841-4B23-482F-9D48-1A95759989CE}"
EndProject
Global
	GlobalSection(SolutionConfigurationPlatforms) = preSolution
		Debug|Any CPU = Debug|Any CPU
		Release|Any CPU = Release|Any CPU
	EndGlobalSection
	GlobalSection(ProjectConfigurationPlatforms) = postSolution
		{4EAE6B44-3BD3-49D4-A3B2-5AEFE2F18187}.Debug|Any CPU.ActiveCfg = Debug|Any CPU
		{4EAE6B44-3BD3-49D4-A3B2-5AEFE2F18187}.Debug|Any CPU.Build.0 = Debug|Any CPU
		{4EAE6B44-3BD3-49D4-A3B2-5AEFE2F18187}.Release|Any CPU.ActiveCfg = Release|Any CPU
		{4EAE6B44-3BD3-49D4-A3B2-5AEFE2F18187}.Release|Any CPU.Build.0 = Release|Any CPU
		{0EBAA97F-92CD-48FB-AC63-14BB543E863D}.Debug|Any CPU.ActiveCfg = Debug|Any CPU
		{0EBAA97F-92CD-48FB-AC63-14BB543E863D}.Debug|Any CPU.Build.0 = Debug|Any CPU
		{0EBAA97F-92CD-48FB-AC63-14BB543E863D}.Release|Any CPU.ActiveCfg = Release|Any CPU
		{0EBAA97F-92CD-48FB-AC63-14BB543E863D}.Release|Any CPU.Build.0 = Release|Any CPU
		{7D8C890A-D908-46A5-987A-CCF609A9FA8E}.Debug|Any CPU.ActiveCfg = Debug|Any CPU
		{7D8C890A-D908-46A5-987A-CCF609A9FA8E}.Debug|Any CPU.Build.0 = Debug|Any CPU
		{7D8C890A-D908-46A5-987A-CCF609A9FA8E}.Release|Any CPU.ActiveCfg = Release|Any CPU
		{7D8C890A-D908-46A5-987A-CCF609A9FA8E}.Release|Any CPU.Build.0 = Release|Any CPU
		{47B32841-4B23-482F-9D48-1A95759989CE}.Debug|Any CPU.ActiveCfg = Debug|Any CPU
		{47B32841-4B23-482F-9D48-1A95759989CE}.Debug|Any CPU.Build.0 = Debug|Any CPU
		{47B32841-4B23-482F-9D48-1A95759989CE}.Release|Any CPU.ActiveCfg = Release|Any CPU
		{47B32841-4B23-482F-9D48-1A95759989CE}.Release|Any CPU.Build.0 = Release|Any CPU
	EndGlobalSection
	GlobalSection(NestedProjects) = preSolution
		{4EAE6B44-3BD3-49D4-A3B2-5AEFE2F18187} = {452704B2-1F31-4060-9D8B-A1AECC258298}
		{0EBAA97F-92CD-48FB-AC63-14BB543E863D} = {B265815E-8DDC-4563-92D1-CAB76CFF7933}
		{7D8C890A-D908-46A5-987A-CCF609A9FA8E} = {452704B2-1F31-4060-9D8B-A1AECC258298}
		{47B32841-4B23-482F-9D48-1A95759989CE} = {B265815E-8DDC-4563-92D1-CAB76CFF7933}
	EndGlobalSection
EndGlobal
